
Microsoft Visual Studio Solution File, Format Version 12.00
# Visual Studio 15
VisualStudioVersion = 15.0.28307.438
MinimumVisualStudioVersion = 10.0.40219.1
Project("{FAE04EC0-301F-11D3-BF4B-00C04F79EFBC}") = "EstadosVariables", "EstadosVariables\EstadosVariables.csproj", "{D8CE0061-ED5D-4FC7-85BF-955A3BF40E9B}"
EndProject
Project("{FAE04EC0-301F-11D3-BF4B-00C04F79EFBC}") = "EstadoVariableWeb", "..\RequerimientoUno\EstadoVariableWeb\EstadoVariableWeb.csproj", "{052B5B9C-319E-4A7E-855A-F370E5053A40}"
EndProject
Global
	GlobalSection(SolutionConfigurationPlatforms) = preSolution
		Debug|Any CPU = Debug|Any CPU
		Release|Any CPU = Release|Any CPU
	EndGlobalSection
	GlobalSection(ProjectConfigurationPlatforms) = postSolution
		{D8CE0061-ED5D-4FC7-85BF-955A3BF40E9B}.Debug|Any CPU.ActiveCfg = Debug|Any CPU
		{D8CE0061-ED5D-4FC7-85BF-955A3BF40E9B}.Debug|Any CPU.Build.0 = Debug|Any CPU
		{D8CE0061-ED5D-4FC7-85BF-955A3BF40E9B}.Release|Any CPU.ActiveCfg = Release|Any CPU
		{D8CE0061-ED5D-4FC7-85BF-955A3BF40E9B}.Release|Any CPU.Build.0 = Release|Any CPU
		{052B5B9C-319E-4A7E-855A-F370E5053A40}.Debug|Any CPU.ActiveCfg = Debug|Any CPU
		{052B5B9C-319E-4A7E-855A-F370E5053A40}.Debug|Any CPU.Build.0 = Debug|Any CPU
		{052B5B9C-319E-4A7E-855A-F370E5053A40}.Release|Any CPU.ActiveCfg = Release|Any CPU
		{052B5B9C-319E-4A7E-855A-F370E5053A40}.Release|Any CPU.Build.0 = Release|Any CPU
	EndGlobalSection
	GlobalSection(SolutionProperties) = preSolution
		HideSolutionNode = FALSE
	EndGlobalSection
	GlobalSection(ExtensibilityGlobals) = postSolution
		SolutionGuid = {5750E601-E6EF-45A3-8754-39BB1F507D99}
	EndGlobalSection
EndGlobal
